
Microsoft Visual Studio Solution File, Format Version 12.00
# Visual Studio Version 16
VisualStudioVersion = 16.0.29609.76
MinimumVisualStudioVersion = 10.0.40219.1
Project("{9A19103F-16F7-4668-BE54-9A1E7A4F7556}") = "HIOC", "MiniIOC\HIOC.csproj", "{A131AEBF-0DD3-4D68-AAFA-A6BA1263BD6B}"
EndProject
Project("{FAE04EC0-301F-11D3-BF4B-00C04F79EFBC}") = "HIOCExperimental", "HIOCExperimental\HIOCExperimental.csproj", "{DECE54FC-3E62-41D4-878D-0BBC135C12E1}"
EndProject
Global
	GlobalSection(SolutionConfigurationPlatforms) = preSolution
		Debug|Any CPU = Debug|Any CPU
		Release|Any CPU = Release|Any CPU
	EndGlobalSection
	GlobalSection(ProjectConfigurationPlatforms) = postSolution
		{A131AEBF-0DD3-4D68-AAFA-A6BA1263BD6B}.Debug|Any CPU.ActiveCfg = Debug|Any CPU
		{A131AEBF-0DD3-4D68-AAFA-A6BA1263BD6B}.Debug|Any CPU.Build.0 = Debug|Any CPU
		{A131AEBF-0DD3-4D68-AAFA-A6BA1263BD6B}.Release|Any CPU.ActiveCfg = Release|Any CPU
		{A131AEBF-0DD3-4D68-AAFA-A6BA1263BD6B}.Release|Any CPU.Build.0 = Release|Any CPU
		{DECE54FC-3E62-41D4-878D-0BBC135C12E1}.Debug|Any CPU.ActiveCfg = Debug|Any CPU
		{DECE54FC-3E62-41D4-878D-0BBC135C12E1}.Debug|Any CPU.Build.0 = Debug|Any CPU
		{DECE54FC-3E62-41D4-878D-0BBC135C12E1}.Release|Any CPU.ActiveCfg = Release|Any CPU
		{DECE54FC-3E62-41D4-878D-0BBC135C12E1}.Release|Any CPU.Build.0 = Release|Any CPU
	EndGlobalSection
	GlobalSection(SolutionProperties) = preSolution
		HideSolutionNode = FALSE
	EndGlobalSection
	GlobalSection(ExtensibilityGlobals) = postSolution
		SolutionGuid = {3265384C-A8F4-4A3B-86E2-0B790626FA73}
	EndGlobalSection
EndGlobal
